// !$*UTF8*$!
{
	archiveVersion = 1;
	classes = {
	};
	objectVersion = 56;
	objects = {

/* Begin PBXBuildFile section */
		A4010E962C75D0EE00B54704 /* CustomCircleButtonView.swift in Sources */ = {isa = PBXBuildFile; fileRef = A4010E952C75D0EE00B54704 /* CustomCircleButtonView.swift */; };
		A4010E982C75E98500B54704 /* CustomButtonView.swift in Sources */ = {isa = PBXBuildFile; fileRef = A4010E972C75E98500B54704 /* CustomButtonView.swift */; };
		A44BB1C12C7530F00030669D /* CardView.swift in Sources */ = {isa = PBXBuildFile; fileRef = A44BB1C02C7530F00030669D /* CardView.swift */; };
		A44BB1C42C7533980030669D /* CustomBackgroundView.swift in Sources */ = {isa = PBXBuildFile; fileRef = A44BB1C32C7533980030669D /* CustomBackgroundView.swift */; };
		A44BB1C72C7537560030669D /* ColorExtension.swift in Sources */ = {isa = PBXBuildFile; fileRef = A44BB1C62C7537560030669D /* ColorExtension.swift */; };
		A47C719E2C7612DA002CE483 /* CustomCircleView.swift in Sources */ = {isa = PBXBuildFile; fileRef = A47C719D2C7612DA002CE483 /* CustomCircleView.swift */; };
		A47C71A02C761AFD002CE483 /* MotionAnimationView.swift in Sources */ = {isa = PBXBuildFile; fileRef = A47C719F2C761AFD002CE483 /* MotionAnimationView.swift */; };
		A47C71A22C762F1E002CE483 /* SettingSheetPage.swift in Sources */ = {isa = PBXBuildFile; fileRef = A47C71A12C762F1E002CE483 /* SettingSheetPage.swift */; };
		A47C71A42C7645A2002CE483 /* CustomListRowView.swift in Sources */ = {isa = PBXBuildFile; fileRef = A47C71A32C7645A2002CE483 /* CustomListRowView.swift */; };
		A4D83A2E2C7501D600DCFC5F /* miniProjectUIApp.swift in Sources */ = {isa = PBXBuildFile; fileRef = A4D83A2D2C7501D600DCFC5F /* miniProjectUIApp.swift */; };
		A4D83A302C7501D600DCFC5F /* MainPage.swift in Sources */ = {isa = PBXBuildFile; fileRef = A4D83A2F2C7501D600DCFC5F /* MainPage.swift */; };
		A4D83A322C7501D700DCFC5F /* Assets.xcassets in Resources */ = {isa = PBXBuildFile; fileRef = A4D83A312C7501D700DCFC5F /* Assets.xcassets */; };
		A4D83A352C7501D700DCFC5F /* Preview Assets.xcassets in Resources */ = {isa = PBXBuildFile; fileRef = A4D83A342C7501D700DCFC5F /* Preview Assets.xcassets */; };
		A4D83A3F2C7502AE00DCFC5F /* LoginPage.swift in Sources */ = {isa = PBXBuildFile; fileRef = A4D83A3E2C7502AE00DCFC5F /* LoginPage.swift */; };
		A4D83A412C7502B900DCFC5F /* SignUpPage.swift in Sources */ = {isa = PBXBuildFile; fileRef = A4D83A402C7502B900DCFC5F /* SignUpPage.swift */; };
/* End PBXBuildFile section */

/* Begin PBXFileReference section */
		A4010E952C75D0EE00B54704 /* CustomCircleButtonView.swift */ = {isa = PBXFileReference; lastKnownFileType = sourcecode.swift; path = CustomCircleButtonView.swift; sourceTree = "<group>"; };
		A4010E972C75E98500B54704 /* CustomButtonView.swift */ = {isa = PBXFileReference; lastKnownFileType = sourcecode.swift; path = CustomButtonView.swift; sourceTree = "<group>"; };
		A44BB1C02C7530F00030669D /* CardView.swift */ = {isa = PBXFileReference; lastKnownFileType = sourcecode.swift; path = CardView.swift; sourceTree = "<group>"; };
		A44BB1C32C7533980030669D /* CustomBackgroundView.swift */ = {isa = PBXFileReference; lastKnownFileType = sourcecode.swift; path = CustomBackgroundView.swift; sourceTree = "<group>"; };
		A44BB1C62C7537560030669D /* ColorExtension.swift */ = {isa = PBXFileReference; lastKnownFileType = sourcecode.swift; path = ColorExtension.swift; sourceTree = "<group>"; };
		A47C719D2C7612DA002CE483 /* CustomCircleView.swift */ = {isa = PBXFileReference; lastKnownFileType = sourcecode.swift; path = CustomCircleView.swift; sourceTree = "<group>"; };
		A47C719F2C761AFD002CE483 /* MotionAnimationView.swift */ = {isa = PBXFileReference; lastKnownFileType = sourcecode.swift; path = MotionAnimationView.swift; sourceTree = "<group>"; };
		A47C71A12C762F1E002CE483 /* SettingSheetPage.swift */ = {isa = PBXFileReference; lastKnownFileType = sourcecode.swift; path = SettingSheetPage.swift; sourceTree = "<group>"; };
		A47C71A32C7645A2002CE483 /* CustomListRowView.swift */ = {isa = PBXFileReference; lastKnownFileType = sourcecode.swift; path = CustomListRowView.swift; sourceTree = "<group>"; };
		A4D83A2A2C7501D600DCFC5F /* miniProjectUI.app */ = {isa = PBXFileReference; explicitFileType = wrapper.application; includeInIndex = 0; path = miniProjectUI.app; sourceTree = BUILT_PRODUCTS_DIR; };
		A4D83A2D2C7501D600DCFC5F /* miniProjectUIApp.swift */ = {isa = PBXFileReference; lastKnownFileType = sourcecode.swift; path = miniProjectUIApp.swift; sourceTree = "<group>"; };
		A4D83A2F2C7501D600DCFC5F /* MainPage.swift */ = {isa = PBXFileReference; lastKnownFileType = sourcecode.swift; path = MainPage.swift; sourceTree = "<group>"; };
		A4D83A312C7501D700DCFC5F /* Assets.xcassets */ = {isa = PBXFileReference; lastKnownFileType = folder.assetcatalog; path = Assets.xcassets; sourceTree = "<group>"; };
		A4D83A342C7501D700DCFC5F /* Preview Assets.xcassets */ = {isa = PBXFileReference; lastKnownFileType = folder.assetcatalog; path = "Preview Assets.xcassets"; sourceTree = "<group>"; };
		A4D83A3E2C7502AE00DCFC5F /* LoginPage.swift */ = {isa = PBXFileReference; lastKnownFileType = sourcecode.swift; path = LoginPage.swift; sourceTree = "<group>"; };
		A4D83A402C7502B900DCFC5F /* SignUpPage.swift */ = {isa = PBXFileReference; lastKnownFileType = sourcecode.swift; path = SignUpPage.swift; sourceTree = "<group>"; };
/* End PBXFileReference section */

/* Begin PBXFrameworksBuildPhase section */
		A4D83A272C7501D600DCFC5F /* Frameworks */ = {
			isa = PBXFrameworksBuildPhase;
			buildActionMask = 2147483647;
			files = (
			);
			runOnlyForDeploymentPostprocessing = 0;
		};
/* End PBXFrameworksBuildPhase section */

/* Begin PBXGroup section */
		A44BB1C22C7533440030669D /* Component */ = {
			isa = PBXGroup;
			children = (
				A44BB1C02C7530F00030669D /* CardView.swift */,
				A44BB1C32C7533980030669D /* CustomBackgroundView.swift */,
				A4010E952C75D0EE00B54704 /* CustomCircleButtonView.swift */,
				A4010E972C75E98500B54704 /* CustomButtonView.swift */,
				A47C719D2C7612DA002CE483 /* CustomCircleView.swift */,
				A47C719F2C761AFD002CE483 /* MotionAnimationView.swift */,
				A47C71A32C7645A2002CE483 /* CustomListRowView.swift */,
			);
			path = Component;
			sourceTree = "<group>";
		};
		A44BB1C52C75373F0030669D /* Utility */ = {
			isa = PBXGroup;
			children = (
				A44BB1C62C7537560030669D /* ColorExtension.swift */,
			);
			path = Utility;
			sourceTree = "<group>";
		};
		A4D83A212C7501D600DCFC5F = {
			isa = PBXGroup;
			children = (
				A4D83A2C2C7501D600DCFC5F /* miniProjectUI */,
				A4D83A2B2C7501D600DCFC5F /* Products */,
			);
			sourceTree = "<group>";
		};
		A4D83A2B2C7501D600DCFC5F /* Products */ = {
			isa = PBXGroup;
			children = (
				A4D83A2A2C7501D600DCFC5F /* miniProjectUI.app */,
			);
			name = Products;
			sourceTree = "<group>";
		};
		A4D83A2C2C7501D600DCFC5F /* miniProjectUI */ = {
			isa = PBXGroup;
			children = (
				A4D83A2D2C7501D600DCFC5F /* miniProjectUIApp.swift */,
				A44BB1C52C75373F0030669D /* Utility */,
				A44BB1C22C7533440030669D /* Component */,
				A4D83A3D2C75021C00DCFC5F /* ViewModel */,
				A4D83A3C2C75021400DCFC5F /* Views */,
				A4D83A3B2C75020C00DCFC5F /* Model */,
				A4D83A312C7501D700DCFC5F /* Assets.xcassets */,
				A4D83A332C7501D700DCFC5F /* Preview Content */,
			);
			path = miniProjectUI;
			sourceTree = "<group>";
		};
		A4D83A332C7501D700DCFC5F /* Preview Content */ = {
			isa = PBXGroup;
			children = (
				A4D83A342C7501D700DCFC5F /* Preview Assets.xcassets */,
			);
			path = "Preview Content";
			sourceTree = "<group>";
		};
		A4D83A3B2C75020C00DCFC5F /* Model */ = {
			isa = PBXGroup;
			children = (
			);
			path = Model;
			sourceTree = "<group>";
		};
		A4D83A3C2C75021400DCFC5F /* Views */ = {
			isa = PBXGroup;
			children = (
				A4D83A2F2C7501D600DCFC5F /* MainPage.swift */,
				A4D83A3E2C7502AE00DCFC5F /* LoginPage.swift */,
				A4D83A402C7502B900DCFC5F /* SignUpPage.swift */,
				A47C71A12C762F1E002CE483 /* SettingSheetPage.swift */,
			);
			path = Views;
			sourceTree = "<group>";
		};
		A4D83A3D2C75021C00DCFC5F /* ViewModel */ = {
			isa = PBXGroup;
			children = (
			);
			path = ViewModel;
			sourceTree = "<group>";
		};
/* End PBXGroup section */

/* Begin PBXNativeTarget section */
		A4D83A292C7501D600DCFC5F /* miniProjectUI */ = {
			isa = PBXNativeTarget;
			buildConfigurationList = A4D83A382C7501D700DCFC5F /* Build configuration list for PBXNativeTarget "miniProjectUI" */;
			buildPhases = (
				A4D83A262C7501D600DCFC5F /* Sources */,
				A4D83A272C7501D600DCFC5F /* Frameworks */,
				A4D83A282C7501D600DCFC5F /* Resources */,
			);
			buildRules = (
			);
			dependencies = (
			);
			name = miniProjectUI;
			productName = miniProjectUI;
			productReference = A4D83A2A2C7501D600DCFC5F /* miniProjectUI.app */;
			productType = "com.apple.product-type.application";
		};
/* End PBXNativeTarget section */

/* Begin PBXProject section */
		A4D83A222C7501D600DCFC5F /* Project object */ = {
			isa = PBXProject;
			attributes = {
				BuildIndependentTargetsInParallel = 1;
				LastSwiftUpdateCheck = 1520;
				LastUpgradeCheck = 1520;
				TargetAttributes = {
					A4D83A292C7501D600DCFC5F = {
						CreatedOnToolsVersion = 15.2;
					};
				};
			};
			buildConfigurationList = A4D83A252C7501D600DCFC5F /* Build configuration list for PBXProject "miniProjectUI" */;
			compatibilityVersion = "Xcode 14.0";
			developmentRegion = en;
			hasScannedForEncodings = 0;
			knownRegions = (
				en,
				Base,
			);
			mainGroup = A4D83A212C7501D600DCFC5F;
			productRefGroup = A4D83A2B2C7501D600DCFC5F /* Products */;
			projectDirPath = "";
			projectRoot = "";
			targets = (
				A4D83A292C7501D600DCFC5F /* miniProjectUI */,
			);
		};
/* End PBXProject section */

/* Begin PBXResourcesBuildPhase section */
		A4D83A282C7501D600DCFC5F /* Resources */ = {
			isa = PBXResourcesBuildPhase;
			buildActionMask = 2147483647;
			files = (
				A4D83A352C7501D700DCFC5F /* Preview Assets.xcassets in Resources */,
				A4D83A322C7501D700DCFC5F /* Assets.xcassets in Resources */,
			);
			runOnlyForDeploymentPostprocessing = 0;
		};
/* End PBXResourcesBuildPhase section */

/* Begin PBXSourcesBuildPhase section */
		A4D83A262C7501D600DCFC5F /* Sources */ = {
			isa = PBXSourcesBuildPhase;
			buildActionMask = 2147483647;
			files = (
				A4D83A302C7501D600DCFC5F /* MainPage.swift in Sources */,
				A4D83A3F2C7502AE00DCFC5F /* LoginPage.swift in Sources */,
				A4D83A412C7502B900DCFC5F /* SignUpPage.swift in Sources */,
				A47C71A42C7645A2002CE483 /* CustomListRowView.swift in Sources */,
				A4010E982C75E98500B54704 /* CustomButtonView.swift in Sources */,
				A4010E962C75D0EE00B54704 /* CustomCircleButtonView.swift in Sources */,
				A47C719E2C7612DA002CE483 /* CustomCircleView.swift in Sources */,
				A44BB1C42C7533980030669D /* CustomBackgroundView.swift in Sources */,
				A4D83A2E2C7501D600DCFC5F /* miniProjectUIApp.swift in Sources */,
				A47C71A02C761AFD002CE483 /* MotionAnimationView.swift in Sources */,
				A47C71A22C762F1E002CE483 /* SettingSheetPage.swift in Sources */,
				A44BB1C72C7537560030669D /* ColorExtension.swift in Sources */,
				A44BB1C12C7530F00030669D /* CardView.swift in Sources */,
			);
			runOnlyForDeploymentPostprocessing = 0;
		};
/* End PBXSourcesBuildPhase section */

/* Begin XCBuildConfiguration section */
		A4D83A362C7501D700DCFC5F /* Debug */ = {
			isa = XCBuildConfiguration;
			buildSettings = {
				ALWAYS_SEARCH_USER_PATHS = NO;
				ASSETCATALOG_COMPILER_GENERATE_SWIFT_ASSET_SYMBOL_EXTENSIONS = YES;
				CLANG_ANALYZER_NONNULL = YES;
				CLANG_ANALYZER_NUMBER_OBJECT_CONVERSION = YES_AGGRESSIVE;
				CLANG_CXX_LANGUAGE_STANDARD = "gnu++20";
				CLANG_ENABLE_MODULES = YES;
				CLANG_ENABLE_OBJC_ARC = YES;
				CLANG_ENABLE_OBJC_WEAK = YES;
				CLANG_WARN_BLOCK_CAPTURE_AUTORELEASING = YES;
				CLANG_WARN_BOOL_CONVERSION = YES;
				CLANG_WARN_COMMA = YES;
				CLANG_WARN_CONSTANT_CONVERSION = YES;
				CLANG_WARN_DEPRECATED_OBJC_IMPLEMENTATIONS = YES;
				CLANG_WARN_DIRECT_OBJC_ISA_USAGE = YES_ERROR;
				CLANG_WARN_DOCUMENTATION_COMMENTS = YES;
				CLANG_WARN_EMPTY_BODY = YES;
				CLANG_WARN_ENUM_CONVERSION = YES;
				CLANG_WARN_INFINITE_RECURSION = YES;
				CLANG_WARN_INT_CONVERSION = YES;
				CLANG_WARN_NON_LITERAL_NULL_CONVERSION = YES;
				CLANG_WARN_OBJC_IMPLICIT_RETAIN_SELF = YES;
				CLANG_WARN_OBJC_LITERAL_CONVERSION = YES;
				CLANG_WARN_OBJC_ROOT_CLASS = YES_ERROR;
				CLANG_WARN_QUOTED_INCLUDE_IN_FRAMEWORK_HEADER = YES;
				CLANG_WARN_RANGE_LOOP_ANALYSIS = YES;
				CLANG_WARN_STRICT_PROTOTYPES = YES;
				CLANG_WARN_SUSPICIOUS_MOVE = YES;
				CLANG_WARN_UNGUARDED_AVAILABILITY = YES_AGGRESSIVE;
				CLANG_WARN_UNREACHABLE_CODE = YES;
				CLANG_WARN__DUPLICATE_METHOD_MATCH = YES;
				COPY_PHASE_STRIP = NO;
				DEBUG_INFORMATION_FORMAT = dwarf;
				ENABLE_STRICT_OBJC_MSGSEND = YES;
				ENABLE_TESTABILITY = YES;
				ENABLE_USER_SCRIPT_SANDBOXING = YES;
				GCC_C_LANGUAGE_STANDARD = gnu17;
				GCC_DYNAMIC_NO_PIC = NO;
				GCC_NO_COMMON_BLOCKS = YES;
				GCC_OPTIMIZATION_LEVEL = 0;
				GCC_PREPROCESSOR_DEFINITIONS = (
					"DEBUG=1",
					"$(inherited)",
				);
				GCC_WARN_64_TO_32_BIT_CONVERSION = YES;
				GCC_WARN_ABOUT_RETURN_TYPE = YES_ERROR;
				GCC_WARN_UNDECLARED_SELECTOR = YES;
				GCC_WARN_UNINITIALIZED_AUTOS = YES_AGGRESSIVE;
				GCC_WARN_UNUSED_FUNCTION = YES;
				GCC_WARN_UNUSED_VARIABLE = YES;
				IPHONEOS_DEPLOYMENT_TARGET = 17.2;
				LOCALIZATION_PREFERS_STRING_CATALOGS = YES;
				MTL_ENABLE_DEBUG_INFO = INCLUDE_SOURCE;
				MTL_FAST_MATH = YES;
				ONLY_ACTIVE_ARCH = YES;
				SDKROOT = iphoneos;
				SWIFT_ACTIVE_COMPILATION_CONDITIONS = "DEBUG $(inherited)";
				SWIFT_OPTIMIZATION_LEVEL = "-Onone";
			};
			name = Debug;
		};
		A4D83A372C7501D700DCFC5F /* Release */ = {
			isa = XCBuildConfiguration;
			buildSettings = {
				ALWAYS_SEARCH_USER_PATHS = NO;
				ASSETCATALOG_COMPILER_GENERATE_SWIFT_ASSET_SYMBOL_EXTENSIONS = YES;
				CLANG_ANALYZER_NONNULL = YES;
				CLANG_ANALYZER_NUMBER_OBJECT_CONVERSION = YES_AGGRESSIVE;
				CLANG_CXX_LANGUAGE_STANDARD = "gnu++20";
				CLANG_ENABLE_MODULES = YES;
				CLANG_ENABLE_OBJC_ARC = YES;
				CLANG_ENABLE_OBJC_WEAK = YES;
				CLANG_WARN_BLOCK_CAPTURE_AUTORELEASING = YES;
				CLANG_WARN_BOOL_CONVERSION = YES;
				CLANG_WARN_COMMA = YES;
				CLANG_WARN_CONSTANT_CONVERSION = YES;
				CLANG_WARN_DEPRECATED_OBJC_IMPLEMENTATIONS = YES;
				CLANG_WARN_DIRECT_OBJC_ISA_USAGE = YES_ERROR;
				CLANG_WARN_DOCUMENTATION_COMMENTS = YES;
				CLANG_WARN_EMPTY_BODY = YES;
				CLANG_WARN_ENUM_CONVERSION = YES;
				CLANG_WARN_INFINITE_RECURSION = YES;
				CLANG_WARN_INT_CONVERSION = YES;
				CLANG_WARN_NON_LITERAL_NULL_CONVERSION = YES;
				CLANG_WARN_OBJC_IMPLICIT_RETAIN_SELF = YES;
				CLANG_WARN_OBJC_LITERAL_CONVERSION = YES;
				CLANG_WARN_OBJC_ROOT_CLASS = YES_ERROR;
				CLANG_WARN_QUOTED_INCLUDE_IN_FRAMEWORK_HEADER = YES;
				CLANG_WARN_RANGE_LOOP_ANALYSIS = YES;
				CLANG_WARN_STRICT_PROTOTYPES = YES;
				CLANG_WARN_SUSPICIOUS_MOVE = YES;
				CLANG_WARN_UNGUARDED_AVAILABILITY = YES_AGGRESSIVE;
				CLANG_WARN_UNREACHABLE_CODE = YES;
				CLANG_WARN__DUPLICATE_METHOD_MATCH = YES;
				COPY_PHASE_STRIP = NO;
				DEBUG_INFORMATION_FORMAT = "dwarf-with-dsym";
				ENABLE_NS_ASSERTIONS = NO;
				ENABLE_STRICT_OBJC_MSGSEND = YES;
				ENABLE_USER_SCRIPT_SANDBOXING = YES;
				GCC_C_LANGUAGE_STANDARD = gnu17;
				GCC_NO_COMMON_BLOCKS = YES;
				GCC_WARN_64_TO_32_BIT_CONVERSION = YES;
				GCC_WARN_ABOUT_RETURN_TYPE = YES_ERROR;
				GCC_WARN_UNDECLARED_SELECTOR = YES;
				GCC_WARN_UNINITIALIZED_AUTOS = YES_AGGRESSIVE;
				GCC_WARN_UNUSED_FUNCTION = YES;
				GCC_WARN_UNUSED_VARIABLE = YES;
				IPHONEOS_DEPLOYMENT_TARGET = 17.2;
				LOCALIZATION_PREFERS_STRING_CATALOGS = YES;
				MTL_ENABLE_DEBUG_INFO = NO;
				MTL_FAST_MATH = YES;
				SDKROOT = iphoneos;
				SWIFT_COMPILATION_MODE = wholemodule;
				VALIDATE_PRODUCT = YES;
			};
			name = Release;
		};
		A4D83A392C7501D700DCFC5F /* Debug */ = {
			isa = XCBuildConfiguration;
			buildSettings = {
				ASSETCATALOG_COMPILER_APPICON_NAME = AppIcon;
				ASSETCATALOG_COMPILER_GLOBAL_ACCENT_COLOR_NAME = AccentColor;
				ASSETCATALOG_COMPILER_INCLUDE_ALL_APPICON_ASSETS = YES;
				CODE_SIGN_STYLE = Automatic;
				CURRENT_PROJECT_VERSION = 1;
				DEVELOPMENT_ASSET_PATHS = "\"miniProjectUI/Preview Content\"";
				DEVELOPMENT_TEAM = 8WAJ4W835K;
				ENABLE_PREVIEWS = YES;
				GENERATE_INFOPLIST_FILE = YES;
				INFOPLIST_KEY_UIApplicationSceneManifest_Generation = YES;
				INFOPLIST_KEY_UIApplicationSupportsIndirectInputEvents = YES;
				INFOPLIST_KEY_UILaunchScreen_Generation = YES;
				INFOPLIST_KEY_UISupportedInterfaceOrientations_iPad = "UIInterfaceOrientationPortrait UIInterfaceOrientationPortraitUpsideDown UIInterfaceOrientationLandscapeLeft UIInterfaceOrientationLandscapeRight";
				INFOPLIST_KEY_UISupportedInterfaceOrientations_iPhone = "UIInterfaceOrientationPortrait UIInterfaceOrientationLandscapeLeft UIInterfaceOrientationLandscapeRight";
				LD_RUNPATH_SEARCH_PATHS = (
					"$(inherited)",
					"@executable_path/Frameworks",
				);
				MARKETING_VERSION = 1.0;
				PRODUCT_BUNDLE_IDENTIFIER = com.omercakar.miniProjectUI;
				PRODUCT_NAME = "$(TARGET_NAME)";
				SWIFT_EMIT_LOC_STRINGS = YES;
				SWIFT_VERSION = 5.0;
				TARGETED_DEVICE_FAMILY = "1,2";
			};
			name = Debug;
		};
		A4D83A3A2C7501D700DCFC5F /* Release */ = {
			isa = XCBuildConfiguration;
			buildSettings = {
				ASSETCATALOG_COMPILER_APPICON_NAME = AppIcon;
				ASSETCATALOG_COMPILER_GLOBAL_ACCENT_COLOR_NAME = AccentColor;
				ASSETCATALOG_COMPILER_INCLUDE_ALL_APPICON_ASSETS = YES;
				CODE_SIGN_STYLE = Automatic;
				CURRENT_PROJECT_VERSION = 1;
				DEVELOPMENT_ASSET_PATHS = "\"miniProjectUI/Preview Content\"";
				DEVELOPMENT_TEAM = 8WAJ4W835K;
				ENABLE_PREVIEWS = YES;
				GENERATE_INFOPLIST_FILE = YES;
				INFOPLIST_KEY_UIApplicationSceneManifest_Generation = YES;
				INFOPLIST_KEY_UIApplicationSupportsIndirectInputEvents = YES;
				INFOPLIST_KEY_UILaunchScreen_Generation = YES;
				INFOPLIST_KEY_UISupportedInterfaceOrientations_iPad = "UIInterfaceOrientationPortrait UIInterfaceOrientationPortraitUpsideDown UIInterfaceOrientationLandscapeLeft UIInterfaceOrientationLandscapeRight";
				INFOPLIST_KEY_UISupportedInterfaceOrientations_iPhone = "UIInterfaceOrientationPortrait UIInterfaceOrientationLandscapeLeft UIInterfaceOrientationLandscapeRight";
				LD_RUNPATH_SEARCH_PATHS = (
					"$(inherited)",
					"@executable_path/Frameworks",
				);
				MARKETING_VERSION = 1.0;
				PRODUCT_BUNDLE_IDENTIFIER = com.omercakar.miniProjectUI;
				PRODUCT_NAME = "$(TARGET_NAME)";
				SWIFT_EMIT_LOC_STRINGS = YES;
				SWIFT_VERSION = 5.0;
				TARGETED_DEVICE_FAMILY = "1,2";
			};
			name = Release;
		};
/* End XCBuildConfiguration section */

/* Begin XCConfigurationList section */
		A4D83A252C7501D600DCFC5F /* Build configuration list for PBXProject "miniProjectUI" */ = {
			isa = XCConfigurationList;
			buildConfigurations = (
				A4D83A362C7501D700DCFC5F /* Debug */,
				A4D83A372C7501D700DCFC5F /* Release */,
			);
			defaultConfigurationIsVisible = 0;
			defaultConfigurationName = Release;
		};
		A4D83A382C7501D700DCFC5F /* Build configuration list for PBXNativeTarget "miniProjectUI" */ = {
			isa = XCConfigurationList;
			buildConfigurations = (
				A4D83A392C7501D700DCFC5F /* Debug */,
				A4D83A3A2C7501D700DCFC5F /* Release */,
			);
			defaultConfigurationIsVisible = 0;
			defaultConfigurationName = Release;
		};
/* End XCConfigurationList section */
	};
	rootObject = A4D83A222C7501D600DCFC5F /* Project object */;
}
